<Solution>
  <Project Path="Datos/Datos.csproj" Id="e9a44008-6e92-4d53-b1ba-f1812b42c982" />
  <Project Path="Dominio/Dominio.csproj" Id="0febcf55-5f71-45da-92b7-259b5e324ba2" />
  <Project Path="InternacionNeumologica.Web/InternacionNeumologica.Web.csproj" Id="489867e8-910b-4064-82ee-62820559a185" />
</Solution>
